{
  "nodes": {
    "nixpkgs": {
      "locked": {
        "lastModified": 1760077506,
        "narHash": "sha256-1tAJtQGJaHRtIqMdRJfIcGVM7iKJmsVH8kVcDxyHSDw=",
        "owner": "NixOS",
        "repo": "nixpkgs",
        "rev": "f18aed0c4f9fb96236ce71fabf667a61b57c631d",
        "type": "github"
      },
      "original": {
        "owner": "NixOS",
        "ref": "master",
        "repo": "nixpkgs",
        "type": "github"
      }
    },
    "root": {
      "inputs": {
        "nixpkgs": "nixpkgs"
      }
    }
  },
  "root": "root",
  "version": 7
}
